// !$*UTF8*$!
{
	archiveVersion = 1;
	classes = {
	};
	objectVersion = 50;
	objects = {

/* Begin PBXBuildFile section */
		41DE82F026005816002469BE /* AppDelegate.swift in Sources */ = {isa = PBXBuildFile; fileRef = 41DE82EF26005816002469BE /* AppDelegate.swift */; };
		41DE82F226005816002469BE /* SceneDelegate.swift in Sources */ = {isa = PBXBuildFile; fileRef = 41DE82F126005816002469BE /* SceneDelegate.swift */; };
		41DE82F426005816002469BE /* ViewController.swift in Sources */ = {isa = PBXBuildFile; fileRef = 41DE82F326005816002469BE /* ViewController.swift */; };
		41DE82F726005816002469BE /* Main.storyboard in Resources */ = {isa = PBXBuildFile; fileRef = 41DE82F526005816002469BE /* Main.storyboard */; };
		41DE82F926005819002469BE /* Assets.xcassets in Resources */ = {isa = PBXBuildFile; fileRef = 41DE82F826005819002469BE /* Assets.xcassets */; };
		41DE82FC26005819002469BE /* LaunchScreen.storyboard in Resources */ = {isa = PBXBuildFile; fileRef = 41DE82FA26005819002469BE /* LaunchScreen.storyboard */; };
		41DE830726005819002469BE /* ParstagramTests.swift in Sources */ = {isa = PBXBuildFile; fileRef = 41DE830626005819002469BE /* ParstagramTests.swift */; };
		41DE831226005819002469BE /* ParstagramUITests.swift in Sources */ = {isa = PBXBuildFile; fileRef = 41DE831126005819002469BE /* ParstagramUITests.swift */; };
/* End PBXBuildFile section */

/* Begin PBXContainerItemProxy section */
		41DE830326005819002469BE /* PBXContainerItemProxy */ = {
			isa = PBXContainerItemProxy;
			containerPortal = 41DE82E426005816002469BE /* Project object */;
			proxyType = 1;
			remoteGlobalIDString = 41DE82EB26005816002469BE;
			remoteInfo = Parstagram;
		};
		41DE830E26005819002469BE /* PBXContainerItemProxy */ = {
			isa = PBXContainerItemProxy;
			containerPortal = 41DE82E426005816002469BE /* Project object */;
			proxyType = 1;
			remoteGlobalIDString = 41DE82EB26005816002469BE;
			remoteInfo = Parstagram;
		};
/* End PBXContainerItemProxy section */

/* Begin PBXFileReference section */
		41DE82EC26005816002469BE /* Parstagram.app */ = {isa = PBXFileReference; explicitFileType = wrapper.application; includeInIndex = 0; path = Parstagram.app; sourceTree = BUILT_PRODUCTS_DIR; };
		41DE82EF26005816002469BE /* AppDelegate.swift */ = {isa = PBXFileReference; lastKnownFileType = sourcecode.swift; path = AppDelegate.swift; sourceTree = "<group>"; };
		41DE82F126005816002469BE /* SceneDelegate.swift */ = {isa = PBXFileReference; lastKnownFileType = sourcecode.swift; path = SceneDelegate.swift; sourceTree = "<group>"; };
		41DE82F326005816002469BE /* ViewController.swift */ = {isa = PBXFileReference; lastKnownFileType = sourcecode.swift; path = ViewController.swift; sourceTree = "<group>"; };
		41DE82F626005816002469BE /* Base */ = {isa = PBXFileReference; lastKnownFileType = file.storyboard; name = Base; path = Base.lproj/Main.storyboard; sourceTree = "<group>"; };
		41DE82F826005819002469BE /* Assets.xcassets */ = {isa = PBXFileReference; lastKnownFileType = folder.assetcatalog; path = Assets.xcassets; sourceTree = "<group>"; };
		41DE82FB26005819002469BE /* Base */ = {isa = PBXFileReference; lastKnownFileType = file.storyboard; name = Base; path = Base.lproj/LaunchScreen.storyboard; sourceTree = "<group>"; };
		41DE82FD26005819002469BE /* Info.plist */ = {isa = PBXFileReference; lastKnownFileType = text.plist.xml; path = Info.plist; sourceTree = "<group>"; };
		41DE830226005819002469BE /* ParstagramTests.xctest */ = {isa = PBXFileReference; explicitFileType = wrapper.cfbundle; includeInIndex = 0; path = ParstagramTests.xctest; sourceTree = BUILT_PRODUCTS_DIR; };
		41DE830626005819002469BE /* ParstagramTests.swift */ = {isa = PBXFileReference; lastKnownFileType = sourcecode.swift; path = ParstagramTests.swift; sourceTree = "<group>"; };
		41DE830826005819002469BE /* Info.plist */ = {isa = PBXFileReference; lastKnownFileType = text.plist.xml; path = Info.plist; sourceTree = "<group>"; };
		41DE830D26005819002469BE /* ParstagramUITests.xctest */ = {isa = PBXFileReference; explicitFileType = wrapper.cfbundle; includeInIndex = 0; path = ParstagramUITests.xctest; sourceTree = BUILT_PRODUCTS_DIR; };
		41DE831126005819002469BE /* ParstagramUITests.swift */ = {isa = PBXFileReference; lastKnownFileType = sourcecode.swift; path = ParstagramUITests.swift; sourceTree = "<group>"; };
		41DE831326005819002469BE /* Info.plist */ = {isa = PBXFileReference; lastKnownFileType = text.plist.xml; path = Info.plist; sourceTree = "<group>"; };
/* End PBXFileReference section */

/* Begin PBXFrameworksBuildPhase section */
		41DE82E926005816002469BE /* Frameworks */ = {
			isa = PBXFrameworksBuildPhase;
			buildActionMask = 2147483647;
			files = (
			);
			runOnlyForDeploymentPostprocessing = 0;
		};
		41DE82FF26005819002469BE /* Frameworks */ = {
			isa = PBXFrameworksBuildPhase;
			buildActionMask = 2147483647;
			files = (
			);
			runOnlyForDeploymentPostprocessing = 0;
		};
		41DE830A26005819002469BE /* Frameworks */ = {
			isa = PBXFrameworksBuildPhase;
			buildActionMask = 2147483647;
			files = (
			);
			runOnlyForDeploymentPostprocessing = 0;
		};
/* End PBXFrameworksBuildPhase section */

/* Begin PBXGroup section */
		41DE82E326005816002469BE = {
			isa = PBXGroup;
			children = (
				41DE82EE26005816002469BE /* Parstagram */,
				41DE830526005819002469BE /* ParstagramTests */,
				41DE831026005819002469BE /* ParstagramUITests */,
				41DE82ED26005816002469BE /* Products */,
			);
			sourceTree = "<group>";
		};
		41DE82ED26005816002469BE /* Products */ = {
			isa = PBXGroup;
			children = (
				41DE82EC26005816002469BE /* Parstagram.app */,
				41DE830226005819002469BE /* ParstagramTests.xctest */,
				41DE830D26005819002469BE /* ParstagramUITests.xctest */,
			);
			name = Products;
			sourceTree = "<group>";
		};
		41DE82EE26005816002469BE /* Parstagram */ = {
			isa = PBXGroup;
			children = (
				41DE82EF26005816002469BE /* AppDelegate.swift */,
				41DE82F126005816002469BE /* SceneDelegate.swift */,
				41DE82F326005816002469BE /* ViewController.swift */,
				41DE82F526005816002469BE /* Main.storyboard */,
				41DE82F826005819002469BE /* Assets.xcassets */,
				41DE82FA26005819002469BE /* LaunchScreen.storyboard */,
				41DE82FD26005819002469BE /* Info.plist */,
			);
			path = Parstagram;
			sourceTree = "<group>";
		};
		41DE830526005819002469BE /* ParstagramTests */ = {
			isa = PBXGroup;
			children = (
				41DE830626005819002469BE /* ParstagramTests.swift */,
				41DE830826005819002469BE /* Info.plist */,
			);
			path = ParstagramTests;
			sourceTree = "<group>";
		};
		41DE831026005819002469BE /* ParstagramUITests */ = {
			isa = PBXGroup;
			children = (
				41DE831126005819002469BE /* ParstagramUITests.swift */,
				41DE831326005819002469BE /* Info.plist */,
			);
			path = ParstagramUITests;
			sourceTree = "<group>";
		};
/* End PBXGroup section */

/* Begin PBXNativeTarget section */
		41DE82EB26005816002469BE /* Parstagram */ = {
			isa = PBXNativeTarget;
			buildConfigurationList = 41DE831626005819002469BE /* Build configuration list for PBXNativeTarget "Parstagram" */;
			buildPhases = (
				41DE82E826005816002469BE /* Sources */,
				41DE82E926005816002469BE /* Frameworks */,
				41DE82EA26005816002469BE /* Resources */,
			);
			buildRules = (
			);
			dependencies = (
			);
			name = Parstagram;
			productName = Parstagram;
			productReference = 41DE82EC26005816002469BE /* Parstagram.app */;
			productType = "com.apple.product-type.application";
		};
		41DE830126005819002469BE /* ParstagramTests */ = {
			isa = PBXNativeTarget;
			buildConfigurationList = 41DE831926005819002469BE /* Build configuration list for PBXNativeTarget "ParstagramTests" */;
			buildPhases = (
				41DE82FE26005819002469BE /* Sources */,
				41DE82FF26005819002469BE /* Frameworks */,
				41DE830026005819002469BE /* Resources */,
			);
			buildRules = (
			);
			dependencies = (
				41DE830426005819002469BE /* PBXTargetDependency */,
			);
			name = ParstagramTests;
			productName = ParstagramTests;
			productReference = 41DE830226005819002469BE /* ParstagramTests.xctest */;
			productType = "com.apple.product-type.bundle.unit-test";
		};
		41DE830C26005819002469BE /* ParstagramUITests */ = {
			isa = PBXNativeTarget;
			buildConfigurationList = 41DE831C26005819002469BE /* Build configuration list for PBXNativeTarget "ParstagramUITests" */;
			buildPhases = (
				41DE830926005819002469BE /* Sources */,
				41DE830A26005819002469BE /* Frameworks */,
				41DE830B26005819002469BE /* Resources */,
			);
			buildRules = (
			);
			dependencies = (
				41DE830F26005819002469BE /* PBXTargetDependency */,
			);
			name = ParstagramUITests;
			productName = ParstagramUITests;
			productReference = 41DE830D26005819002469BE /* ParstagramUITests.xctest */;
			productType = "com.apple.product-type.bundle.ui-testing";
		};
/* End PBXNativeTarget section */

/* Begin PBXProject section */
		41DE82E426005816002469BE /* Project object */ = {
			isa = PBXProject;
			attributes = {
				LastSwiftUpdateCheck = 1240;
				LastUpgradeCheck = 1240;
				TargetAttributes = {
					41DE82EB26005816002469BE = {
						CreatedOnToolsVersion = 12.4;
					};
					41DE830126005819002469BE = {
						CreatedOnToolsVersion = 12.4;
						TestTargetID = 41DE82EB26005816002469BE;
					};
					41DE830C26005819002469BE = {
						CreatedOnToolsVersion = 12.4;
						TestTargetID = 41DE82EB26005816002469BE;
					};
				};
			};
			buildConfigurationList = 41DE82E726005816002469BE /* Build configuration list for PBXProject "Parstagram" */;
			compatibilityVersion = "Xcode 9.3";
			developmentRegion = en;
			hasScannedForEncodings = 0;
			knownRegions = (
				en,
				Base,
			);
			mainGroup = 41DE82E326005816002469BE;
			productRefGroup = 41DE82ED26005816002469BE /* Products */;
			projectDirPath = "";
			projectRoot = "";
			targets = (
				41DE82EB26005816002469BE /* Parstagram */,
				41DE830126005819002469BE /* ParstagramTests */,
				41DE830C26005819002469BE /* ParstagramUITests */,
			);
		};
/* End PBXProject section */

/* Begin PBXResourcesBuildPhase section */
		41DE82EA26005816002469BE /* Resources */ = {
			isa = PBXResourcesBuildPhase;
			buildActionMask = 2147483647;
			files = (
				41DE82FC26005819002469BE /* LaunchScreen.storyboard in Resources */,
				41DE82F926005819002469BE /* Assets.xcassets in Resources */,
				41DE82F726005816002469BE /* Main.storyboard in Resources */,
			);
			runOnlyForDeploymentPostprocessing = 0;
		};
		41DE830026005819002469BE /* Resources */ = {
			isa = PBXResourcesBuildPhase;
			buildActionMask = 2147483647;
			files = (
			);
			runOnlyForDeploymentPostprocessing = 0;
		};
		41DE830B26005819002469BE /* Resources */ = {
			isa = PBXResourcesBuildPhase;
			buildActionMask = 2147483647;
			files = (
			);
			runOnlyForDeploymentPostprocessing = 0;
		};
/* End PBXResourcesBuildPhase section */

/* Begin PBXSourcesBuildPhase section */
		41DE82E826005816002469BE /* Sources */ = {
			isa = PBXSourcesBuildPhase;
			buildActionMask = 2147483647;
			files = (
				41DE82F426005816002469BE /* ViewController.swift in Sources */,
				41DE82F026005816002469BE /* AppDelegate.swift in Sources */,
				41DE82F226005816002469BE /* SceneDelegate.swift in Sources */,
			);
			runOnlyForDeploymentPostprocessing = 0;
		};
		41DE82FE26005819002469BE /* Sources */ = {
			isa = PBXSourcesBuildPhase;
			buildActionMask = 2147483647;
			files = (
				41DE830726005819002469BE /* ParstagramTests.swift in Sources */,
			);
			runOnlyForDeploymentPostprocessing = 0;
		};
		41DE830926005819002469BE /* Sources */ = {
			isa = PBXSourcesBuildPhase;
			buildActionMask = 2147483647;
			files = (
				41DE831226005819002469BE /* ParstagramUITests.swift in Sources */,
			);
			runOnlyForDeploymentPostprocessing = 0;
		};
/* End PBXSourcesBuildPhase section */

/* Begin PBXTargetDependency section */
		41DE830426005819002469BE /* PBXTargetDependency */ = {
			isa = PBXTargetDependency;
			target = 41DE82EB26005816002469BE /* Parstagram */;
			targetProxy = 41DE830326005819002469BE /* PBXContainerItemProxy */;
		};
		41DE830F26005819002469BE /* PBXTargetDependency */ = {
			isa = PBXTargetDependency;
			target = 41DE82EB26005816002469BE /* Parstagram */;
			targetProxy = 41DE830E26005819002469BE /* PBXContainerItemProxy */;
		};
/* End PBXTargetDependency section */

/* Begin PBXVariantGroup section */
		41DE82F526005816002469BE /* Main.storyboard */ = {
			isa = PBXVariantGroup;
			children = (
				41DE82F626005816002469BE /* Base */,
			);
			name = Main.storyboard;
			sourceTree = "<group>";
		};
		41DE82FA26005819002469BE /* LaunchScreen.storyboard */ = {
			isa = PBXVariantGroup;
			children = (
				41DE82FB26005819002469BE /* Base */,
			);
			name = LaunchScreen.storyboard;
			sourceTree = "<group>";
		};
/* End PBXVariantGroup section */

/* Begin XCBuildConfiguration section */
		41DE831426005819002469BE /* Debug */ = {
			isa = XCBuildConfiguration;
			buildSettings = {
				ALWAYS_SEARCH_USER_PATHS = NO;
				CLANG_ANALYZER_NONNULL = YES;
				CLANG_ANALYZER_NUMBER_OBJECT_CONVERSION = YES_AGGRESSIVE;
				CLANG_CXX_LANGUAGE_STANDARD = "gnu++14";
				CLANG_CXX_LIBRARY = "libc++";
				CLANG_ENABLE_MODULES = YES;
				CLANG_ENABLE_OBJC_ARC = YES;
				CLANG_ENABLE_OBJC_WEAK = YES;
				CLANG_WARN_BLOCK_CAPTURE_AUTORELEASING = YES;
				CLANG_WARN_BOOL_CONVERSION = YES;
				CLANG_WARN_COMMA = YES;
				CLANG_WARN_CONSTANT_CONVERSION = YES;
				CLANG_WARN_DEPRECATED_OBJC_IMPLEMENTATIONS = YES;
				CLANG_WARN_DIRECT_OBJC_ISA_USAGE = YES_ERROR;
				CLANG_WARN_DOCUMENTATION_COMMENTS = YES;
				CLANG_WARN_EMPTY_BODY = YES;
				CLANG_WARN_ENUM_CONVERSION = YES;
				CLANG_WARN_INFINITE_RECURSION = YES;
				CLANG_WARN_INT_CONVERSION = YES;
				CLANG_WARN_NON_LITERAL_NULL_CONVERSION = YES;
				CLANG_WARN_OBJC_IMPLICIT_RETAIN_SELF = YES;
				CLANG_WARN_OBJC_LITERAL_CONVERSION = YES;
				CLANG_WARN_OBJC_ROOT_CLASS = YES_ERROR;
				CLANG_WARN_QUOTED_INCLUDE_IN_FRAMEWORK_HEADER = YES;
				CLANG_WARN_RANGE_LOOP_ANALYSIS = YES;
				CLANG_WARN_STRICT_PROTOTYPES = YES;
				CLANG_WARN_SUSPICIOUS_MOVE = YES;
				CLANG_WARN_UNGUARDED_AVAILABILITY = YES_AGGRESSIVE;
				CLANG_WARN_UNREACHABLE_CODE = YES;
				CLANG_WARN__DUPLICATE_METHOD_MATCH = YES;
				COPY_PHASE_STRIP = NO;
				DEBUG_INFORMATION_FORMAT = dwarf;
				ENABLE_STRICT_OBJC_MSGSEND = YES;
				ENABLE_TESTABILITY = YES;
				GCC_C_LANGUAGE_STANDARD = gnu11;
				GCC_DYNAMIC_NO_PIC = NO;
				GCC_NO_COMMON_BLOCKS = YES;
				GCC_OPTIMIZATION_LEVEL = 0;
				GCC_PREPROCESSOR_DEFINITIONS = (
					"DEBUG=1",
					"$(inherited)",
				);
				GCC_WARN_64_TO_32_BIT_CONVERSION = YES;
				GCC_WARN_ABOUT_RETURN_TYPE = YES_ERROR;
				GCC_WARN_UNDECLARED_SELECTOR = YES;
				GCC_WARN_UNINITIALIZED_AUTOS = YES_AGGRESSIVE;
				GCC_WARN_UNUSED_FUNCTION = YES;
				GCC_WARN_UNUSED_VARIABLE = YES;
				IPHONEOS_DEPLOYMENT_TARGET = 14.4;
				MTL_ENABLE_DEBUG_INFO = INCLUDE_SOURCE;
				MTL_FAST_MATH = YES;
				ONLY_ACTIVE_ARCH = YES;
				SDKROOT = iphoneos;
				SWIFT_ACTIVE_COMPILATION_CONDITIONS = DEBUG;
				SWIFT_OPTIMIZATION_LEVEL = "-Onone";
			};
			name = Debug;
		};
		41DE831526005819002469BE /* Release */ = {
			isa = XCBuildConfiguration;
			buildSettings = {
				ALWAYS_SEARCH_USER_PATHS = NO;
				CLANG_ANALYZER_NONNULL = YES;
				CLANG_ANALYZER_NUMBER_OBJECT_CONVERSION = YES_AGGRESSIVE;
				CLANG_CXX_LANGUAGE_STANDARD = "gnu++14";
				CLANG_CXX_LIBRARY = "libc++";
				CLANG_ENABLE_MODULES = YES;
				CLANG_ENABLE_OBJC_ARC = YES;
				CLANG_ENABLE_OBJC_WEAK = YES;
				CLANG_WARN_BLOCK_CAPTURE_AUTORELEASING = YES;
				CLANG_WARN_BOOL_CONVERSION = YES;
				CLANG_WARN_COMMA = YES;
				CLANG_WARN_CONSTANT_CONVERSION = YES;
				CLANG_WARN_DEPRECATED_OBJC_IMPLEMENTATIONS = YES;
				CLANG_WARN_DIRECT_OBJC_ISA_USAGE = YES_ERROR;
				CLANG_WARN_DOCUMENTATION_COMMENTS = YES;
				CLANG_WARN_EMPTY_BODY = YES;
				CLANG_WARN_ENUM_CONVERSION = YES;
				CLANG_WARN_INFINITE_RECURSION = YES;
				CLANG_WARN_INT_CONVERSION = YES;
				CLANG_WARN_NON_LITERAL_NULL_CONVERSION = YES;
				CLANG_WARN_OBJC_IMPLICIT_RETAIN_SELF = YES;
				CLANG_WARN_OBJC_LITERAL_CONVERSION = YES;
				CLANG_WARN_OBJC_ROOT_CLASS = YES_ERROR;
				CLANG_WARN_QUOTED_INCLUDE_IN_FRAMEWORK_HEADER = YES;
				CLANG_WARN_RANGE_LOOP_ANALYSIS = YES;
				CLANG_WARN_STRICT_PROTOTYPES = YES;
				CLANG_WARN_SUSPICIOUS_MOVE = YES;
				CLANG_WARN_UNGUARDED_AVAILABILITY = YES_AGGRESSIVE;
				CLANG_WARN_UNREACHABLE_CODE = YES;
				CLANG_WARN__DUPLICATE_METHOD_MATCH = YES;
				COPY_PHASE_STRIP = NO;
				DEBUG_INFORMATION_FORMAT = "dwarf-with-dsym";
				ENABLE_NS_ASSERTIONS = NO;
				ENABLE_STRICT_OBJC_MSGSEND = YES;
				GCC_C_LANGUAGE_STANDARD = gnu11;
				GCC_NO_COMMON_BLOCKS = YES;
				GCC_WARN_64_TO_32_BIT_CONVERSION = YES;
				GCC_WARN_ABOUT_RETURN_TYPE = YES_ERROR;
				GCC_WARN_UNDECLARED_SELECTOR = YES;
				GCC_WARN_UNINITIALIZED_AUTOS = YES_AGGRESSIVE;
				GCC_WARN_UNUSED_FUNCTION = YES;
				GCC_WARN_UNUSED_VARIABLE = YES;
				IPHONEOS_DEPLOYMENT_TARGET = 14.4;
				MTL_ENABLE_DEBUG_INFO = NO;
				MTL_FAST_MATH = YES;
				SDKROOT = iphoneos;
				SWIFT_COMPILATION_MODE = wholemodule;
				SWIFT_OPTIMIZATION_LEVEL = "-O";
				VALIDATE_PRODUCT = YES;
			};
			name = Release;
		};
		41DE831726005819002469BE /* Debug */ = {
			isa = XCBuildConfiguration;
			buildSettings = {
				ASSETCATALOG_COMPILER_APPICON_NAME = AppIcon;
				ASSETCATALOG_COMPILER_GLOBAL_ACCENT_COLOR_NAME = AccentColor;
				CODE_SIGN_STYLE = Automatic;
				DEVELOPMENT_TEAM = XHHXG5SH3U;
				INFOPLIST_FILE = Parstagram/Info.plist;
				LD_RUNPATH_SEARCH_PATHS = (
					"$(inherited)",
					"@executable_path/Frameworks",
				);
				PRODUCT_BUNDLE_IDENTIFIER = linxixu1995.Parstagram;
				PRODUCT_NAME = "$(TARGET_NAME)";
				SWIFT_VERSION = 5.0;
				TARGETED_DEVICE_FAMILY = "1,2";
			};
			name = Debug;
		};
		41DE831826005819002469BE /* Release */ = {
			isa = XCBuildConfiguration;
			buildSettings = {
				ASSETCATALOG_COMPILER_APPICON_NAME = AppIcon;
				ASSETCATALOG_COMPILER_GLOBAL_ACCENT_COLOR_NAME = AccentColor;
				CODE_SIGN_STYLE = Automatic;
				DEVELOPMENT_TEAM = XHHXG5SH3U;
				INFOPLIST_FILE = Parstagram/Info.plist;
				LD_RUNPATH_SEARCH_PATHS = (
					"$(inherited)",
					"@executable_path/Frameworks",
				);
				PRODUCT_BUNDLE_IDENTIFIER = linxixu1995.Parstagram;
				PRODUCT_NAME = "$(TARGET_NAME)";
				SWIFT_VERSION = 5.0;
				TARGETED_DEVICE_FAMILY = "1,2";
			};
			name = Release;
		};
		41DE831A26005819002469BE /* Debug */ = {
			isa = XCBuildConfiguration;
			buildSettings = {
				ALWAYS_EMBED_SWIFT_STANDARD_LIBRARIES = YES;
				BUNDLE_LOADER = "$(TEST_HOST)";
				CODE_SIGN_STYLE = Automatic;
				DEVELOPMENT_TEAM = XHHXG5SH3U;
				INFOPLIST_FILE = ParstagramTests/Info.plist;
				IPHONEOS_DEPLOYMENT_TARGET = 14.4;
				LD_RUNPATH_SEARCH_PATHS = (
					"$(inherited)",
					"@executable_path/Frameworks",
					"@loader_path/Frameworks",
				);
				PRODUCT_BUNDLE_IDENTIFIER = linxixu1995.ParstagramTests;
				PRODUCT_NAME = "$(TARGET_NAME)";
				SWIFT_VERSION = 5.0;
				TARGETED_DEVICE_FAMILY = "1,2";
				TEST_HOST = "$(BUILT_PRODUCTS_DIR)/Parstagram.app/Parstagram";
			};
			name = Debug;
		};
		41DE831B26005819002469BE /* Release */ = {
			isa = XCBuildConfiguration;
			buildSettings = {
				ALWAYS_EMBED_SWIFT_STANDARD_LIBRARIES = YES;
				BUNDLE_LOADER = "$(TEST_HOST)";
				CODE_SIGN_STYLE = Automatic;
				DEVELOPMENT_TEAM = XHHXG5SH3U;
				INFOPLIST_FILE = ParstagramTests/Info.plist;
				IPHONEOS_DEPLOYMENT_TARGET = 14.4;
				LD_RUNPATH_SEARCH_PATHS = (
					"$(inherited)",
					"@executable_path/Frameworks",
					"@loader_path/Frameworks",
				);
				PRODUCT_BUNDLE_IDENTIFIER = linxixu1995.ParstagramTests;
				PRODUCT_NAME = "$(TARGET_NAME)";
				SWIFT_VERSION = 5.0;
				TARGETED_DEVICE_FAMILY = "1,2";
				TEST_HOST = "$(BUILT_PRODUCTS_DIR)/Parstagram.app/Parstagram";
			};
			name = Release;
		};
		41DE831D26005819002469BE /* Debug */ = {
			isa = XCBuildConfiguration;
			buildSettings = {
				ALWAYS_EMBED_SWIFT_STANDARD_LIBRARIES = YES;
				CODE_SIGN_STYLE = Automatic;
				DEVELOPMENT_TEAM = XHHXG5SH3U;
				INFOPLIST_FILE = ParstagramUITests/Info.plist;
				LD_RUNPATH_SEARCH_PATHS = (
					"$(inherited)",
					"@executable_path/Frameworks",
					"@loader_path/Frameworks",
				);
				PRODUCT_BUNDLE_IDENTIFIER = linxixu1995.ParstagramUITests;
				PRODUCT_NAME = "$(TARGET_NAME)";
				SWIFT_VERSION = 5.0;
				TARGETED_DEVICE_FAMILY = "1,2";
				TEST_TARGET_NAME = Parstagram;
			};
			name = Debug;
		};
		41DE831E26005819002469BE /* Release */ = {
			isa = XCBuildConfiguration;
			buildSettings = {
				ALWAYS_EMBED_SWIFT_STANDARD_LIBRARIES = YES;
				CODE_SIGN_STYLE = Automatic;
				DEVELOPMENT_TEAM = XHHXG5SH3U;
				INFOPLIST_FILE = ParstagramUITests/Info.plist;
				LD_RUNPATH_SEARCH_PATHS = (
					"$(inherited)",
					"@executable_path/Frameworks",
					"@loader_path/Frameworks",
				);
				PRODUCT_BUNDLE_IDENTIFIER = linxixu1995.ParstagramUITests;
				PRODUCT_NAME = "$(TARGET_NAME)";
				SWIFT_VERSION = 5.0;
				TARGETED_DEVICE_FAMILY = "1,2";
				TEST_TARGET_NAME = Parstagram;
			};
			name = Release;
		};
/* End XCBuildConfiguration section */

/* Begin XCConfigurationList section */
		41DE82E726005816002469BE /* Build configuration list for PBXProject "Parstagram" */ = {
			isa = XCConfigurationList;
			buildConfigurations = (
				41DE831426005819002469BE /* Debug */,
				41DE831526005819002469BE /* Release */,
			);
			defaultConfigurationIsVisible = 0;
			defaultConfigurationName = Release;
		};
		41DE831626005819002469BE /* Build configuration list for PBXNativeTarget "Parstagram" */ = {
			isa = XCConfigurationList;
			buildConfigurations = (
				41DE831726005819002469BE /* Debug */,
				41DE831826005819002469BE /* Release */,
			);
			defaultConfigurationIsVisible = 0;
			defaultConfigurationName = Release;
		};
		41DE831926005819002469BE /* Build configuration list for PBXNativeTarget "ParstagramTests" */ = {
			isa = XCConfigurationList;
			buildConfigurations = (
				41DE831A26005819002469BE /* Debug */,
				41DE831B26005819002469BE /* Release */,
			);
			defaultConfigurationIsVisible = 0;
			defaultConfigurationName = Release;
		};
		41DE831C26005819002469BE /* Build configuration list for PBXNativeTarget "ParstagramUITests" */ = {
			isa = XCConfigurationList;
			buildConfigurations = (
				41DE831D26005819002469BE /* Debug */,
				41DE831E26005819002469BE /* Release */,
			);
			defaultConfigurationIsVisible = 0;
			defaultConfigurationName = Release;
		};
/* End XCConfigurationList section */
	};
	rootObject = 41DE82E426005816002469BE /* Project object */;
}
